github.com/emicklei/dot v1.9.2 h1:E/Wjz+BAH+JDhybEpISbo+QyDMNSiu/wqmIW9y922P8=
github.com/emicklei/dot v1.9.2/go.mod h1:DeV7GvQtIw4h2u73RKBkkFdvVAz0D9fzeJrgPW6gy/s=
github.com/fatih/structtag v1.2.0 h1:/OdNE99OxoI/PqaW/SuSK9uxxT3f/tcSZgon/ssNSx4=
github.com/fatih/structtag v1.2.0/go.mod h1:mBJUNpUnHmRKrKlQQlmCrh5PuhftFbNv8Ys4/aAZl94=
github.com/google/go-cmp v0.6.0 h1:ofyhxvXcZhMsU5ulbFiLKl/XBFqE1GSq7atu8tAmTRI=
github.com/google/go-cmp v0.6.0/go.mod h1:17dUlkBOakJ0+DkrSSNjCkIjxS6bF9zb3elmeNGIjoY=
github.com/google/go-dap v0.12.0 h1:rVcjv3SyMIrpaOoTAdFDyHs99CwVOItIJGKLQFQhNeM=
github.com/google/go-dap v0.12.0/go.mod h1:tNjCASCm5cqePi/RVXXWEVqtnNLV1KTWtYOqu6rZNzc=
github.com/spewerspew/spew v0.0.0-20230513223542-89b69fbbe2bd h1:csraKifkLpqDClUIbFTetjtraueL1KUhKBm6okL+ug4=
github.com/spewerspew/spew v0.0.0-20230513223542-89b69fbbe2bd/go.mod h1:cyGycBxnlCATLUv5jtPwaHnkiYomNWzXQougLmaCTzU=
golang.org/x/mod v0.28.0 h1:gQBtGhjxykdjY9YhZpSlZIsbnaE2+PgjfLWUQTnoZ1U=
golang.org/x/mod v0.28.0/go.mod h1:yfB/L0NOf/kmEbXjzCPOx1iK1fRutOydrCMsqRhEBxI=
golang.org/x/sync v0.17.0 h1:l60nONMj9l5drqw6jlhIELNv9I0A4OFgRsG9k2oT9Ug=
golang.org/x/sync v0.17.0/go.mod h1:9KTHXmSnoGruLpwFjVSX0lNNA75CykiMECbovNTZqGI=
golang.org/x/tools v0.37.0 h1:DVSRzp7FwePZW356yEAChSdNcQo6Nsp+fex1SUW09lE=
golang.org/x/tools v0.37.0/go.mod h1:MBN5QPQtLMHVdvsbtarmTNukZDdgwdwlO5qGacAzF0w=
